
Microsoft Visual Studio Solution File, Format Version 12.00
# Visual Studio Version 17
VisualStudioVersion = 17.14.36804.6
MinimumVisualStudioVersion = 10.0.40219.1
Project("{FAE04EC0-301F-11D3-BF4B-00C04F79EFBC}") = "JustTip.Api", "JustTip.Api\JustTip.Api.csproj", "{30FC2820-32DD-4D0B-85A8-B98ED410631C}"
EndProject
Project("{FAE04EC0-301F-11D3-BF4B-00C04F79EFBC}") = "JustTip.Domain", "JustTip.Domain\JustTip.Domain.csproj", "{9E535EAC-5595-4388-A47F-57B60DBFEB67}"
EndProject
Project("{FAE04EC0-301F-11D3-BF4B-00C04F79EFBC}") = "JustTip.Infrastructure", "JustTip.Infrastructure\JustTip.Infrastructure.csproj", "{1EEF7663-DCAC-40DA-B42D-5E75262C725B}"
EndProject
Project("{2150E333-8FDC-42A3-9474-1A3956D46DE8}") = "Solution Items", "Solution Items", "{8EC462FD-D22E-90A8-E5CE-7E832BA40C5D}"
	ProjectSection(SolutionItems) = preProject
		README.md = README.md
	EndProjectSection
EndProject
Project("{FAE04EC0-301F-11D3-BF4B-00C04F79EFBC}") = "JustTip.Application", "JustTip.Application\JustTip.Application.csproj", "{AAAFCBC0-D6EF-4FF1-86DA-767E750F0061}"
EndProject
Project("{FAE04EC0-301F-11D3-BF4B-00C04F79EFBC}") = "JustTip.UnitTests", "JustTip.UnitTests\JustTip.UnitTests.csproj", "{9B0B73ED-4B8E-4F79-9A38-EC4D27965A2B}"
EndProject
Global
	GlobalSection(SolutionConfigurationPlatforms) = preSolution
		Debug|Any CPU = Debug|Any CPU
		Release|Any CPU = Release|Any CPU
	EndGlobalSection
	GlobalSection(ProjectConfigurationPlatforms) = postSolution
		{30FC2820-32DD-4D0B-85A8-B98ED410631C}.Debug|Any CPU.ActiveCfg = Debug|Any CPU
		{30FC2820-32DD-4D0B-85A8-B98ED410631C}.Debug|Any CPU.Build.0 = Debug|Any CPU
		{30FC2820-32DD-4D0B-85A8-B98ED410631C}.Release|Any CPU.ActiveCfg = Release|Any CPU
		{30FC2820-32DD-4D0B-85A8-B98ED410631C}.Release|Any CPU.Build.0 = Release|Any CPU
		{9E535EAC-5595-4388-A47F-57B60DBFEB67}.Debug|Any CPU.ActiveCfg = Debug|Any CPU
		{9E535EAC-5595-4388-A47F-57B60DBFEB67}.Debug|Any CPU.Build.0 = Debug|Any CPU
		{9E535EAC-5595-4388-A47F-57B60DBFEB67}.Release|Any CPU.ActiveCfg = Release|Any CPU
		{9E535EAC-5595-4388-A47F-57B60DBFEB67}.Release|Any CPU.Build.0 = Release|Any CPU
		{1EEF7663-DCAC-40DA-B42D-5E75262C725B}.Debug|Any CPU.ActiveCfg = Debug|Any CPU
		{1EEF7663-DCAC-40DA-B42D-5E75262C725B}.Debug|Any CPU.Build.0 = Debug|Any CPU
		{1EEF7663-DCAC-40DA-B42D-5E75262C725B}.Release|Any CPU.ActiveCfg = Release|Any CPU
		{1EEF7663-DCAC-40DA-B42D-5E75262C725B}.Release|Any CPU.Build.0 = Release|Any CPU
		{AAAFCBC0-D6EF-4FF1-86DA-767E750F0061}.Debug|Any CPU.ActiveCfg = Debug|Any CPU
		{AAAFCBC0-D6EF-4FF1-86DA-767E750F0061}.Debug|Any CPU.Build.0 = Debug|Any CPU
		{AAAFCBC0-D6EF-4FF1-86DA-767E750F0061}.Release|Any CPU.ActiveCfg = Release|Any CPU
		{AAAFCBC0-D6EF-4FF1-86DA-767E750F0061}.Release|Any CPU.Build.0 = Release|Any CPU
		{9B0B73ED-4B8E-4F79-9A38-EC4D27965A2B}.Debug|Any CPU.ActiveCfg = Debug|Any CPU
		{9B0B73ED-4B8E-4F79-9A38-EC4D27965A2B}.Debug|Any CPU.Build.0 = Debug|Any CPU
		{9B0B73ED-4B8E-4F79-9A38-EC4D27965A2B}.Release|Any CPU.ActiveCfg = Release|Any CPU
		{9B0B73ED-4B8E-4F79-9A38-EC4D27965A2B}.Release|Any CPU.Build.0 = Release|Any CPU
	EndGlobalSection
	GlobalSection(SolutionProperties) = preSolution
		HideSolutionNode = FALSE
	EndGlobalSection
	GlobalSection(ExtensibilityGlobals) = postSolution
		SolutionGuid = {E11E5211-4A17-491C-A40F-0B05283B9023}
	EndGlobalSection
EndGlobal
